
Microsoft Visual Studio Solution File, Format Version 12.00
# Visual Studio Version 16
VisualStudioVersion = 16.0.31829.152
MinimumVisualStudioVersion = 10.0.40219.1
Project("{FAE04EC0-301F-11D3-BF4B-00C04F79EFBC}") = "Lotto-Form", "Lotto-Form.csproj", "{9AA605EF-505D-4F6D-93D7-5CFC56247B80}"
EndProject
Project("{9A19103F-16F7-4668-BE54-9A1E7A4F7556}") = "WinFormsApp2", "..\..\WindowsFormsApp2\WinFormsApp2\WinFormsApp2.csproj", "{87DA5C47-FFE3-4C9F-8B25-133BE8D06814}"
EndProject
Global
	GlobalSection(SolutionConfigurationPlatforms) = preSolution
		Debug|Any CPU = Debug|Any CPU
		Release|Any CPU = Release|Any CPU
	EndGlobalSection
	GlobalSection(ProjectConfigurationPlatforms) = postSolution
		{9AA605EF-505D-4F6D-93D7-5CFC56247B80}.Debug|Any CPU.ActiveCfg = Debug|Any CPU
		{9AA605EF-505D-4F6D-93D7-5CFC56247B80}.Debug|Any CPU.Build.0 = Debug|Any CPU
		{9AA605EF-505D-4F6D-93D7-5CFC56247B80}.Release|Any CPU.ActiveCfg = Release|Any CPU
		{9AA605EF-505D-4F6D-93D7-5CFC56247B80}.Release|Any CPU.Build.0 = Release|Any CPU
		{87DA5C47-FFE3-4C9F-8B25-133BE8D06814}.Debug|Any CPU.ActiveCfg = Debug|Any CPU
		{87DA5C47-FFE3-4C9F-8B25-133BE8D06814}.Debug|Any CPU.Build.0 = Debug|Any CPU
		{87DA5C47-FFE3-4C9F-8B25-133BE8D06814}.Release|Any CPU.ActiveCfg = Release|Any CPU
		{87DA5C47-FFE3-4C9F-8B25-133BE8D06814}.Release|Any CPU.Build.0 = Release|Any CPU
	EndGlobalSection
	GlobalSection(SolutionProperties) = preSolution
		HideSolutionNode = FALSE
	EndGlobalSection
	GlobalSection(ExtensibilityGlobals) = postSolution
		SolutionGuid = {20F643E5-8C4E-46C4-9FB1-8E76BFAE40E9}
	EndGlobalSection
EndGlobal
